// !$*UTF8*$!
{
	archiveVersion = 1;
	classes = {
	};
	objectVersion = 50;
	objects = {

/* Begin PBXBuildFile section */
		BE12574D27039E2700BA385E /* Array+InsertionSort.swift in Sources */ = {isa = PBXBuildFile; fileRef = BE12574C27039E2700BA385E /* Array+InsertionSort.swift */; };
		BE12574F27039FCF00BA385E /* Array+MergeSort.swift in Sources */ = {isa = PBXBuildFile; fileRef = BE12574E27039FCF00BA385E /* Array+MergeSort.swift */; };
		BE1257512703A1E300BA385E /* Array+Shellsort.swift in Sources */ = {isa = PBXBuildFile; fileRef = BE1257502703A1E300BA385E /* Array+Shellsort.swift */; };
		BE96E4772702EFEB00D6AC1C /* AppDelegate.swift in Sources */ = {isa = PBXBuildFile; fileRef = BE96E4762702EFEB00D6AC1C /* AppDelegate.swift */; };
		BE96E4792702EFEB00D6AC1C /* ViewController.swift in Sources */ = {isa = PBXBuildFile; fileRef = BE96E4782702EFEB00D6AC1C /* ViewController.swift */; };
		BE96E47B2702EFEC00D6AC1C /* Assets.xcassets in Resources */ = {isa = PBXBuildFile; fileRef = BE96E47A2702EFEC00D6AC1C /* Assets.xcassets */; };
		BE96E47E2702EFEC00D6AC1C /* Main.storyboard in Resources */ = {isa = PBXBuildFile; fileRef = BE96E47C2702EFEC00D6AC1C /* Main.storyboard */; };
		BE96E4882702FBBD00D6AC1C /* Array+SelectionSort.swift in Sources */ = {isa = PBXBuildFile; fileRef = BE96E4872702FBBD00D6AC1C /* Array+SelectionSort.swift */; };
		BE96E48B27032AFA00D6AC1C /* NSTextField+TimeDisplay.swift in Sources */ = {isa = PBXBuildFile; fileRef = BE96E48A27032AFA00D6AC1C /* NSTextField+TimeDisplay.swift */; };
		BE96E48D27032BC400D6AC1C /* Double+RoundedToPlaces.swift in Sources */ = {isa = PBXBuildFile; fileRef = BE96E48C27032BC400D6AC1C /* Double+RoundedToPlaces.swift */; };
		BE96E48F27032F7E00D6AC1C /* Array+RandomizingFillers.swift in Sources */ = {isa = PBXBuildFile; fileRef = BE96E48E27032F7E00D6AC1C /* Array+RandomizingFillers.swift */; };
		BE96E49227032FBA00D6AC1C /* K.swift in Sources */ = {isa = PBXBuildFile; fileRef = BE96E49127032FBA00D6AC1C /* K.swift */; };
		BE96E4942703357B00D6AC1C /* Observer.swift in Sources */ = {isa = PBXBuildFile; fileRef = BE96E4932703357B00D6AC1C /* Observer.swift */; };
		BE96E4962703360400D6AC1C /* SortingAlgorithm.swift in Sources */ = {isa = PBXBuildFile; fileRef = BE96E4952703360400D6AC1C /* SortingAlgorithm.swift */; };
/* End PBXBuildFile section */

/* Begin PBXFileReference section */
		BE12574C27039E2700BA385E /* Array+InsertionSort.swift */ = {isa = PBXFileReference; lastKnownFileType = sourcecode.swift; path = "Array+InsertionSort.swift"; sourceTree = "<group>"; };
		BE12574E27039FCF00BA385E /* Array+MergeSort.swift */ = {isa = PBXFileReference; lastKnownFileType = sourcecode.swift; path = "Array+MergeSort.swift"; sourceTree = "<group>"; };
		BE1257502703A1E300BA385E /* Array+Shellsort.swift */ = {isa = PBXFileReference; lastKnownFileType = sourcecode.swift; path = "Array+Shellsort.swift"; sourceTree = "<group>"; };
		BE96E4732702EFEB00D6AC1C /* L1 (ADS).app */ = {isa = PBXFileReference; explicitFileType = wrapper.application; includeInIndex = 0; path = "L1 (ADS).app"; sourceTree = BUILT_PRODUCTS_DIR; };
		BE96E4762702EFEB00D6AC1C /* AppDelegate.swift */ = {isa = PBXFileReference; lastKnownFileType = sourcecode.swift; path = AppDelegate.swift; sourceTree = "<group>"; };
		BE96E4782702EFEB00D6AC1C /* ViewController.swift */ = {isa = PBXFileReference; lastKnownFileType = sourcecode.swift; path = ViewController.swift; sourceTree = "<group>"; };
		BE96E47A2702EFEC00D6AC1C /* Assets.xcassets */ = {isa = PBXFileReference; lastKnownFileType = folder.assetcatalog; path = Assets.xcassets; sourceTree = "<group>"; };
		BE96E47D2702EFEC00D6AC1C /* Base */ = {isa = PBXFileReference; lastKnownFileType = file.storyboard; name = Base; path = Base.lproj/Main.storyboard; sourceTree = "<group>"; };
		BE96E47F2702EFEC00D6AC1C /* Info.plist */ = {isa = PBXFileReference; lastKnownFileType = text.plist.xml; path = Info.plist; sourceTree = "<group>"; };
		BE96E4802702EFEC00D6AC1C /* L1__ADS_.entitlements */ = {isa = PBXFileReference; lastKnownFileType = text.plist.entitlements; path = L1__ADS_.entitlements; sourceTree = "<group>"; };
		BE96E4872702FBBD00D6AC1C /* Array+SelectionSort.swift */ = {isa = PBXFileReference; lastKnownFileType = sourcecode.swift; path = "Array+SelectionSort.swift"; sourceTree = "<group>"; };
		BE96E48A27032AFA00D6AC1C /* NSTextField+TimeDisplay.swift */ = {isa = PBXFileReference; lastKnownFileType = sourcecode.swift; path = "NSTextField+TimeDisplay.swift"; sourceTree = "<group>"; };
		BE96E48C27032BC400D6AC1C /* Double+RoundedToPlaces.swift */ = {isa = PBXFileReference; lastKnownFileType = sourcecode.swift; path = "Double+RoundedToPlaces.swift"; sourceTree = "<group>"; };
		BE96E48E27032F7E00D6AC1C /* Array+RandomizingFillers.swift */ = {isa = PBXFileReference; lastKnownFileType = sourcecode.swift; path = "Array+RandomizingFillers.swift"; sourceTree = "<group>"; };
		BE96E49127032FBA00D6AC1C /* K.swift */ = {isa = PBXFileReference; lastKnownFileType = sourcecode.swift; path = K.swift; sourceTree = "<group>"; };
		BE96E4932703357B00D6AC1C /* Observer.swift */ = {isa = PBXFileReference; lastKnownFileType = sourcecode.swift; path = Observer.swift; sourceTree = "<group>"; };
		BE96E4952703360400D6AC1C /* SortingAlgorithm.swift */ = {isa = PBXFileReference; lastKnownFileType = sourcecode.swift; path = SortingAlgorithm.swift; sourceTree = "<group>"; };
/* End PBXFileReference section */

/* Begin PBXFrameworksBuildPhase section */
		BE96E4702702EFEB00D6AC1C /* Frameworks */ = {
			isa = PBXFrameworksBuildPhase;
			buildActionMask = 2147483647;
			files = (
			);
			runOnlyForDeploymentPostprocessing = 0;
		};
/* End PBXFrameworksBuildPhase section */

/* Begin PBXGroup section */
		BE96E46A2702EFEB00D6AC1C = {
			isa = PBXGroup;
			children = (
				BE96E4752702EFEB00D6AC1C /* L1 (ADS) */,
				BE96E4742702EFEB00D6AC1C /* Products */,
			);
			sourceTree = "<group>";
		};
		BE96E4742702EFEB00D6AC1C /* Products */ = {
			isa = PBXGroup;
			children = (
				BE96E4732702EFEB00D6AC1C /* L1 (ADS).app */,
			);
			name = Products;
			sourceTree = "<group>";
		};
		BE96E4752702EFEB00D6AC1C /* L1 (ADS) */ = {
			isa = PBXGroup;
			children = (
				BE96E49027032FB300D6AC1C /* Utility */,
				BE96E48927032AC100D6AC1C /* Extensions */,
				BE96E4862702FB9700D6AC1C /* Algorithms */,
				BE96E4762702EFEB00D6AC1C /* AppDelegate.swift */,
				BE96E4782702EFEB00D6AC1C /* ViewController.swift */,
				BE96E47A2702EFEC00D6AC1C /* Assets.xcassets */,
				BE96E47C2702EFEC00D6AC1C /* Main.storyboard */,
				BE96E47F2702EFEC00D6AC1C /* Info.plist */,
				BE96E4802702EFEC00D6AC1C /* L1__ADS_.entitlements */,
				BE96E4932703357B00D6AC1C /* Observer.swift */,
			);
			path = "L1 (ADS)";
			sourceTree = "<group>";
		};
		BE96E4862702FB9700D6AC1C /* Algorithms */ = {
			isa = PBXGroup;
			children = (
				BE96E4872702FBBD00D6AC1C /* Array+SelectionSort.swift */,
				BE12574C27039E2700BA385E /* Array+InsertionSort.swift */,
				BE12574E27039FCF00BA385E /* Array+MergeSort.swift */,
				BE1257502703A1E300BA385E /* Array+Shellsort.swift */,
			);
			path = Algorithms;
			sourceTree = "<group>";
		};
		BE96E48927032AC100D6AC1C /* Extensions */ = {
			isa = PBXGroup;
			children = (
				BE96E48A27032AFA00D6AC1C /* NSTextField+TimeDisplay.swift */,
				BE96E48C27032BC400D6AC1C /* Double+RoundedToPlaces.swift */,
				BE96E48E27032F7E00D6AC1C /* Array+RandomizingFillers.swift */,
			);
			path = Extensions;
			sourceTree = "<group>";
		};
		BE96E49027032FB300D6AC1C /* Utility */ = {
			isa = PBXGroup;
			children = (
				BE96E49127032FBA00D6AC1C /* K.swift */,
				BE96E4952703360400D6AC1C /* SortingAlgorithm.swift */,
			);
			path = Utility;
			sourceTree = "<group>";
		};
/* End PBXGroup section */

/* Begin PBXNativeTarget section */
		BE96E4722702EFEB00D6AC1C /* L1 (ADS) */ = {
			isa = PBXNativeTarget;
			buildConfigurationList = BE96E4832702EFEC00D6AC1C /* Build configuration list for PBXNativeTarget "L1 (ADS)" */;
			buildPhases = (
				BE96E46F2702EFEB00D6AC1C /* Sources */,
				BE96E4702702EFEB00D6AC1C /* Frameworks */,
				BE96E4712702EFEB00D6AC1C /* Resources */,
			);
			buildRules = (
			);
			dependencies = (
			);
			name = "L1 (ADS)";
			productName = "L1 (ADS)";
			productReference = BE96E4732702EFEB00D6AC1C /* L1 (ADS).app */;
			productType = "com.apple.product-type.application";
		};
/* End PBXNativeTarget section */

/* Begin PBXProject section */
		BE96E46B2702EFEB00D6AC1C /* Project object */ = {
			isa = PBXProject;
			attributes = {
				LastSwiftUpdateCheck = 1250;
				LastUpgradeCheck = 1250;
				TargetAttributes = {
					BE96E4722702EFEB00D6AC1C = {
						CreatedOnToolsVersion = 12.5.1;
					};
				};
			};
			buildConfigurationList = BE96E46E2702EFEB00D6AC1C /* Build configuration list for PBXProject "L1 (ADS)" */;
			compatibilityVersion = "Xcode 9.3";
			developmentRegion = en;
			hasScannedForEncodings = 0;
			knownRegions = (
				en,
				Base,
			);
			mainGroup = BE96E46A2702EFEB00D6AC1C;
			productRefGroup = BE96E4742702EFEB00D6AC1C /* Products */;
			projectDirPath = "";
			projectRoot = "";
			targets = (
				BE96E4722702EFEB00D6AC1C /* L1 (ADS) */,
			);
		};
/* End PBXProject section */

/* Begin PBXResourcesBuildPhase section */
		BE96E4712702EFEB00D6AC1C /* Resources */ = {
			isa = PBXResourcesBuildPhase;
			buildActionMask = 2147483647;
			files = (
				BE96E47B2702EFEC00D6AC1C /* Assets.xcassets in Resources */,
				BE96E47E2702EFEC00D6AC1C /* Main.storyboard in Resources */,
			);
			runOnlyForDeploymentPostprocessing = 0;
		};
/* End PBXResourcesBuildPhase section */

/* Begin PBXSourcesBuildPhase section */
		BE96E46F2702EFEB00D6AC1C /* Sources */ = {
			isa = PBXSourcesBuildPhase;
			buildActionMask = 2147483647;
			files = (
				BE96E4882702FBBD00D6AC1C /* Array+SelectionSort.swift in Sources */,
				BE96E4942703357B00D6AC1C /* Observer.swift in Sources */,
				BE96E4962703360400D6AC1C /* SortingAlgorithm.swift in Sources */,
				BE12574D27039E2700BA385E /* Array+InsertionSort.swift in Sources */,
				BE96E49227032FBA00D6AC1C /* K.swift in Sources */,
				BE96E4792702EFEB00D6AC1C /* ViewController.swift in Sources */,
				BE1257512703A1E300BA385E /* Array+Shellsort.swift in Sources */,
				BE96E48B27032AFA00D6AC1C /* NSTextField+TimeDisplay.swift in Sources */,
				BE12574F27039FCF00BA385E /* Array+MergeSort.swift in Sources */,
				BE96E4772702EFEB00D6AC1C /* AppDelegate.swift in Sources */,
				BE96E48F27032F7E00D6AC1C /* Array+RandomizingFillers.swift in Sources */,
				BE96E48D27032BC400D6AC1C /* Double+RoundedToPlaces.swift in Sources */,
			);
			runOnlyForDeploymentPostprocessing = 0;
		};
/* End PBXSourcesBuildPhase section */

/* Begin PBXVariantGroup section */
		BE96E47C2702EFEC00D6AC1C /* Main.storyboard */ = {
			isa = PBXVariantGroup;
			children = (
				BE96E47D2702EFEC00D6AC1C /* Base */,
			);
			name = Main.storyboard;
			sourceTree = "<group>";
		};
/* End PBXVariantGroup section */

/* Begin XCBuildConfiguration section */
		BE96E4812702EFEC00D6AC1C /* Debug */ = {
			isa = XCBuildConfiguration;
			buildSettings = {
				ALWAYS_SEARCH_USER_PATHS = NO;
				CLANG_ANALYZER_NONNULL = YES;
				CLANG_ANALYZER_NUMBER_OBJECT_CONVERSION = YES_AGGRESSIVE;
				CLANG_CXX_LANGUAGE_STANDARD = "gnu++14";
				CLANG_CXX_LIBRARY = "libc++";
				CLANG_ENABLE_MODULES = YES;
				CLANG_ENABLE_OBJC_ARC = YES;
				CLANG_ENABLE_OBJC_WEAK = YES;
				CLANG_WARN_BLOCK_CAPTURE_AUTORELEASING = YES;
				CLANG_WARN_BOOL_CONVERSION = YES;
				CLANG_WARN_COMMA = YES;
				CLANG_WARN_CONSTANT_CONVERSION = YES;
				CLANG_WARN_DEPRECATED_OBJC_IMPLEMENTATIONS = YES;
				CLANG_WARN_DIRECT_OBJC_ISA_USAGE = YES_ERROR;
				CLANG_WARN_DOCUMENTATION_COMMENTS = YES;
				CLANG_WARN_EMPTY_BODY = YES;
				CLANG_WARN_ENUM_CONVERSION = YES;
				CLANG_WARN_INFINITE_RECURSION = YES;
				CLANG_WARN_INT_CONVERSION = YES;
				CLANG_WARN_NON_LITERAL_NULL_CONVERSION = YES;
				CLANG_WARN_OBJC_IMPLICIT_RETAIN_SELF = YES;
				CLANG_WARN_OBJC_LITERAL_CONVERSION = YES;
				CLANG_WARN_OBJC_ROOT_CLASS = YES_ERROR;
				CLANG_WARN_QUOTED_INCLUDE_IN_FRAMEWORK_HEADER = YES;
				CLANG_WARN_RANGE_LOOP_ANALYSIS = YES;
				CLANG_WARN_STRICT_PROTOTYPES = YES;
				CLANG_WARN_SUSPICIOUS_MOVE = YES;
				CLANG_WARN_UNGUARDED_AVAILABILITY = YES_AGGRESSIVE;
				CLANG_WARN_UNREACHABLE_CODE = YES;
				CLANG_WARN__DUPLICATE_METHOD_MATCH = YES;
				COPY_PHASE_STRIP = NO;
				DEBUG_INFORMATION_FORMAT = dwarf;
				ENABLE_STRICT_OBJC_MSGSEND = YES;
				ENABLE_TESTABILITY = YES;
				GCC_C_LANGUAGE_STANDARD = gnu11;
				GCC_DYNAMIC_NO_PIC = NO;
				GCC_NO_COMMON_BLOCKS = YES;
				GCC_OPTIMIZATION_LEVEL = 0;
				GCC_PREPROCESSOR_DEFINITIONS = (
					"DEBUG=1",
					"$(inherited)",
				);
				GCC_WARN_64_TO_32_BIT_CONVERSION = YES;
				GCC_WARN_ABOUT_RETURN_TYPE = YES_ERROR;
				GCC_WARN_UNDECLARED_SELECTOR = YES;
				GCC_WARN_UNINITIALIZED_AUTOS = YES_AGGRESSIVE;
				GCC_WARN_UNUSED_FUNCTION = YES;
				GCC_WARN_UNUSED_VARIABLE = YES;
				MACOSX_DEPLOYMENT_TARGET = 11.3;
				MTL_ENABLE_DEBUG_INFO = INCLUDE_SOURCE;
				MTL_FAST_MATH = YES;
				ONLY_ACTIVE_ARCH = YES;
				SDKROOT = macosx;
				SWIFT_ACTIVE_COMPILATION_CONDITIONS = DEBUG;
				SWIFT_OPTIMIZATION_LEVEL = "-Onone";
			};
			name = Debug;
		};
		BE96E4822702EFEC00D6AC1C /* Release */ = {
			isa = XCBuildConfiguration;
			buildSettings = {
				ALWAYS_SEARCH_USER_PATHS = NO;
				CLANG_ANALYZER_NONNULL = YES;
				CLANG_ANALYZER_NUMBER_OBJECT_CONVERSION = YES_AGGRESSIVE;
				CLANG_CXX_LANGUAGE_STANDARD = "gnu++14";
				CLANG_CXX_LIBRARY = "libc++";
				CLANG_ENABLE_MODULES = YES;
				CLANG_ENABLE_OBJC_ARC = YES;
				CLANG_ENABLE_OBJC_WEAK = YES;
				CLANG_WARN_BLOCK_CAPTURE_AUTORELEASING = YES;
				CLANG_WARN_BOOL_CONVERSION = YES;
				CLANG_WARN_COMMA = YES;
				CLANG_WARN_CONSTANT_CONVERSION = YES;
				CLANG_WARN_DEPRECATED_OBJC_IMPLEMENTATIONS = YES;
				CLANG_WARN_DIRECT_OBJC_ISA_USAGE = YES_ERROR;
				CLANG_WARN_DOCUMENTATION_COMMENTS = YES;
				CLANG_WARN_EMPTY_BODY = YES;
				CLANG_WARN_ENUM_CONVERSION = YES;
				CLANG_WARN_INFINITE_RECURSION = YES;
				CLANG_WARN_INT_CONVERSION = YES;
				CLANG_WARN_NON_LITERAL_NULL_CONVERSION = YES;
				CLANG_WARN_OBJC_IMPLICIT_RETAIN_SELF = YES;
				CLANG_WARN_OBJC_LITERAL_CONVERSION = YES;
				CLANG_WARN_OBJC_ROOT_CLASS = YES_ERROR;
				CLANG_WARN_QUOTED_INCLUDE_IN_FRAMEWORK_HEADER = YES;
				CLANG_WARN_RANGE_LOOP_ANALYSIS = YES;
				CLANG_WARN_STRICT_PROTOTYPES = YES;
				CLANG_WARN_SUSPICIOUS_MOVE = YES;
				CLANG_WARN_UNGUARDED_AVAILABILITY = YES_AGGRESSIVE;
				CLANG_WARN_UNREACHABLE_CODE = YES;
				CLANG_WARN__DUPLICATE_METHOD_MATCH = YES;
				COPY_PHASE_STRIP = NO;
				DEBUG_INFORMATION_FORMAT = "dwarf-with-dsym";
				ENABLE_NS_ASSERTIONS = NO;
				ENABLE_STRICT_OBJC_MSGSEND = YES;
				GCC_C_LANGUAGE_STANDARD = gnu11;
				GCC_NO_COMMON_BLOCKS = YES;
				GCC_WARN_64_TO_32_BIT_CONVERSION = YES;
				GCC_WARN_ABOUT_RETURN_TYPE = YES_ERROR;
				GCC_WARN_UNDECLARED_SELECTOR = YES;
				GCC_WARN_UNINITIALIZED_AUTOS = YES_AGGRESSIVE;
				GCC_WARN_UNUSED_FUNCTION = YES;
				GCC_WARN_UNUSED_VARIABLE = YES;
				MACOSX_DEPLOYMENT_TARGET = 11.3;
				MTL_ENABLE_DEBUG_INFO = NO;
				MTL_FAST_MATH = YES;
				SDKROOT = macosx;
				SWIFT_COMPILATION_MODE = wholemodule;
				SWIFT_OPTIMIZATION_LEVEL = "-O";
			};
			name = Release;
		};
		BE96E4842702EFEC00D6AC1C /* Debug */ = {
			isa = XCBuildConfiguration;
			buildSettings = {
				ASSETCATALOG_COMPILER_APPICON_NAME = AppIcon;
				ASSETCATALOG_COMPILER_GLOBAL_ACCENT_COLOR_NAME = AccentColor;
				CODE_SIGN_ENTITLEMENTS = "L1 (ADS)/L1__ADS_.entitlements";
				CODE_SIGN_STYLE = Automatic;
				COMBINE_HIDPI_IMAGES = YES;
				DEVELOPMENT_TEAM = D6N35G7JTM;
				ENABLE_HARDENED_RUNTIME = YES;
				INFOPLIST_FILE = "L1 (ADS)/Info.plist";
				LD_RUNPATH_SEARCH_PATHS = (
					"$(inherited)",
					"@executable_path/../Frameworks",
				);
				PRODUCT_BUNDLE_IDENTIFIER = "com.yuriynefedov.Events-App.L1--ADS-";
				PRODUCT_NAME = "$(TARGET_NAME)";
				SWIFT_VERSION = 5.0;
			};
			name = Debug;
		};
		BE96E4852702EFEC00D6AC1C /* Release */ = {
			isa = XCBuildConfiguration;
			buildSettings = {
				ASSETCATALOG_COMPILER_APPICON_NAME = AppIcon;
				ASSETCATALOG_COMPILER_GLOBAL_ACCENT_COLOR_NAME = AccentColor;
				CODE_SIGN_ENTITLEMENTS = "L1 (ADS)/L1__ADS_.entitlements";
				CODE_SIGN_STYLE = Automatic;
				COMBINE_HIDPI_IMAGES = YES;
				DEVELOPMENT_TEAM = D6N35G7JTM;
				ENABLE_HARDENED_RUNTIME = YES;
				INFOPLIST_FILE = "L1 (ADS)/Info.plist";
				LD_RUNPATH_SEARCH_PATHS = (
					"$(inherited)",
					"@executable_path/../Frameworks",
				);
				PRODUCT_BUNDLE_IDENTIFIER = "com.yuriynefedov.Events-App.L1--ADS-";
				PRODUCT_NAME = "$(TARGET_NAME)";
				SWIFT_VERSION = 5.0;
			};
			name = Release;
		};
/* End XCBuildConfiguration section */

/* Begin XCConfigurationList section */
		BE96E46E2702EFEB00D6AC1C /* Build configuration list for PBXProject "L1 (ADS)" */ = {
			isa = XCConfigurationList;
			buildConfigurations = (
				BE96E4812702EFEC00D6AC1C /* Debug */,
				BE96E4822702EFEC00D6AC1C /* Release */,
			);
			defaultConfigurationIsVisible = 0;
			defaultConfigurationName = Release;
		};
		BE96E4832702EFEC00D6AC1C /* Build configuration list for PBXNativeTarget "L1 (ADS)" */ = {
			isa = XCConfigurationList;
			buildConfigurations = (
				BE96E4842702EFEC00D6AC1C /* Debug */,
				BE96E4852702EFEC00D6AC1C /* Release */,
			);
			defaultConfigurationIsVisible = 0;
			defaultConfigurationName = Release;
		};
/* End XCConfigurationList section */
	};
	rootObject = BE96E46B2702EFEB00D6AC1C /* Project object */;
}
